// !$*UTF8*$!
{
	archiveVersion = 1;
	classes = {
	};
	objectVersion = 50;
	objects = {

/* Begin PBXBuildFile section */
		F72A276D27B53A7C002DAD1E /* AppDelegate.swift in Sources */ = {isa = PBXBuildFile; fileRef = F72A276C27B53A7C002DAD1E /* AppDelegate.swift */; };
		F72A276F27B53A7C002DAD1E /* SceneDelegate.swift in Sources */ = {isa = PBXBuildFile; fileRef = F72A276E27B53A7C002DAD1E /* SceneDelegate.swift */; };
		F72A277127B53A7C002DAD1E /* ViewController.swift in Sources */ = {isa = PBXBuildFile; fileRef = F72A277027B53A7C002DAD1E /* ViewController.swift */; };
		F72A277427B53A7C002DAD1E /* Main.storyboard in Resources */ = {isa = PBXBuildFile; fileRef = F72A277227B53A7C002DAD1E /* Main.storyboard */; };
		F72A277627B53A82002DAD1E /* Assets.xcassets in Resources */ = {isa = PBXBuildFile; fileRef = F72A277527B53A82002DAD1E /* Assets.xcassets */; };
		F72A277927B53A82002DAD1E /* LaunchScreen.storyboard in Resources */ = {isa = PBXBuildFile; fileRef = F72A277727B53A82002DAD1E /* LaunchScreen.storyboard */; };
		F72A278127B54484002DAD1E /* Persistance.swift in Sources */ = {isa = PBXBuildFile; fileRef = F72A278027B54484002DAD1E /* Persistance.swift */; };
/* End PBXBuildFile section */

/* Begin PBXFileReference section */
		F72A276927B53A7C002DAD1E /* Goryachev_homework_14.7.app */ = {isa = PBXFileReference; explicitFileType = wrapper.application; includeInIndex = 0; path = Goryachev_homework_14.7.app; sourceTree = BUILT_PRODUCTS_DIR; };
		F72A276C27B53A7C002DAD1E /* AppDelegate.swift */ = {isa = PBXFileReference; lastKnownFileType = sourcecode.swift; path = AppDelegate.swift; sourceTree = "<group>"; };
		F72A276E27B53A7C002DAD1E /* SceneDelegate.swift */ = {isa = PBXFileReference; lastKnownFileType = sourcecode.swift; path = SceneDelegate.swift; sourceTree = "<group>"; };
		F72A277027B53A7C002DAD1E /* ViewController.swift */ = {isa = PBXFileReference; lastKnownFileType = sourcecode.swift; path = ViewController.swift; sourceTree = "<group>"; };
		F72A277327B53A7C002DAD1E /* Base */ = {isa = PBXFileReference; lastKnownFileType = file.storyboard; name = Base; path = Base.lproj/Main.storyboard; sourceTree = "<group>"; };
		F72A277527B53A82002DAD1E /* Assets.xcassets */ = {isa = PBXFileReference; lastKnownFileType = folder.assetcatalog; path = Assets.xcassets; sourceTree = "<group>"; };
		F72A277827B53A82002DAD1E /* Base */ = {isa = PBXFileReference; lastKnownFileType = file.storyboard; name = Base; path = Base.lproj/LaunchScreen.storyboard; sourceTree = "<group>"; };
		F72A277A27B53A82002DAD1E /* Info.plist */ = {isa = PBXFileReference; lastKnownFileType = text.plist.xml; path = Info.plist; sourceTree = "<group>"; };
		F72A278027B54484002DAD1E /* Persistance.swift */ = {isa = PBXFileReference; lastKnownFileType = sourcecode.swift; path = Persistance.swift; sourceTree = "<group>"; };
/* End PBXFileReference section */

/* Begin PBXFrameworksBuildPhase section */
		F72A276627B53A7C002DAD1E /* Frameworks */ = {
			isa = PBXFrameworksBuildPhase;
			buildActionMask = 2147483647;
			files = (
			);
			runOnlyForDeploymentPostprocessing = 0;
		};
/* End PBXFrameworksBuildPhase section */

/* Begin PBXGroup section */
		F72A276027B53A7C002DAD1E = {
			isa = PBXGroup;
			children = (
				F72A276B27B53A7C002DAD1E /* Goryachev_homework_14.7 */,
				F72A276A27B53A7C002DAD1E /* Products */,
			);
			sourceTree = "<group>";
		};
		F72A276A27B53A7C002DAD1E /* Products */ = {
			isa = PBXGroup;
			children = (
				F72A276927B53A7C002DAD1E /* Goryachev_homework_14.7.app */,
			);
			name = Products;
			sourceTree = "<group>";
		};
		F72A276B27B53A7C002DAD1E /* Goryachev_homework_14.7 */ = {
			isa = PBXGroup;
			children = (
				F72A276C27B53A7C002DAD1E /* AppDelegate.swift */,
				F72A276E27B53A7C002DAD1E /* SceneDelegate.swift */,
				F72A277027B53A7C002DAD1E /* ViewController.swift */,
				F72A277227B53A7C002DAD1E /* Main.storyboard */,
				F72A277527B53A82002DAD1E /* Assets.xcassets */,
				F72A277727B53A82002DAD1E /* LaunchScreen.storyboard */,
				F72A277A27B53A82002DAD1E /* Info.plist */,
				F72A278027B54484002DAD1E /* Persistance.swift */,
			);
			path = Goryachev_homework_14.7;
			sourceTree = "<group>";
		};
/* End PBXGroup section */

/* Begin PBXNativeTarget section */
		F72A276827B53A7C002DAD1E /* Goryachev_homework_14.7 */ = {
			isa = PBXNativeTarget;
			buildConfigurationList = F72A277D27B53A82002DAD1E /* Build configuration list for PBXNativeTarget "Goryachev_homework_14.7" */;
			buildPhases = (
				F72A276527B53A7C002DAD1E /* Sources */,
				F72A276627B53A7C002DAD1E /* Frameworks */,
				F72A276727B53A7C002DAD1E /* Resources */,
			);
			buildRules = (
			);
			dependencies = (
			);
			name = Goryachev_homework_14.7;
			productName = Goryachev_homework_14.7;
			productReference = F72A276927B53A7C002DAD1E /* Goryachev_homework_14.7.app */;
			productType = "com.apple.product-type.application";
		};
/* End PBXNativeTarget section */

/* Begin PBXProject section */
		F72A276127B53A7C002DAD1E /* Project object */ = {
			isa = PBXProject;
			attributes = {
				LastSwiftUpdateCheck = 1250;
				LastUpgradeCheck = 1250;
				TargetAttributes = {
					F72A276827B53A7C002DAD1E = {
						CreatedOnToolsVersion = 12.5.1;
					};
				};
			};
			buildConfigurationList = F72A276427B53A7C002DAD1E /* Build configuration list for PBXProject "Goryachev_homework_14.7" */;
			compatibilityVersion = "Xcode 9.3";
			developmentRegion = en;
			hasScannedForEncodings = 0;
			knownRegions = (
				en,
				Base,
			);
			mainGroup = F72A276027B53A7C002DAD1E;
			productRefGroup = F72A276A27B53A7C002DAD1E /* Products */;
			projectDirPath = "";
			projectRoot = "";
			targets = (
				F72A276827B53A7C002DAD1E /* Goryachev_homework_14.7 */,
			);
		};
/* End PBXProject section */

/* Begin PBXResourcesBuildPhase section */
		F72A276727B53A7C002DAD1E /* Resources */ = {
			isa = PBXResourcesBuildPhase;
			buildActionMask = 2147483647;
			files = (
				F72A277927B53A82002DAD1E /* LaunchScreen.storyboard in Resources */,
				F72A277627B53A82002DAD1E /* Assets.xcassets in Resources */,
				F72A277427B53A7C002DAD1E /* Main.storyboard in Resources */,
			);
			runOnlyForDeploymentPostprocessing = 0;
		};
/* End PBXResourcesBuildPhase section */

/* Begin PBXSourcesBuildPhase section */
		F72A276527B53A7C002DAD1E /* Sources */ = {
			isa = PBXSourcesBuildPhase;
			buildActionMask = 2147483647;
			files = (
				F72A277127B53A7C002DAD1E /* ViewController.swift in Sources */,
				F72A278127B54484002DAD1E /* Persistance.swift in Sources */,
				F72A276D27B53A7C002DAD1E /* AppDelegate.swift in Sources */,
				F72A276F27B53A7C002DAD1E /* SceneDelegate.swift in Sources */,
			);
			runOnlyForDeploymentPostprocessing = 0;
		};
/* End PBXSourcesBuildPhase section */

/* Begin PBXVariantGroup section */
		F72A277227B53A7C002DAD1E /* Main.storyboard */ = {
			isa = PBXVariantGroup;
			children = (
				F72A277327B53A7C002DAD1E /* Base */,
			);
			name = Main.storyboard;
			sourceTree = "<group>";
		};
		F72A277727B53A82002DAD1E /* LaunchScreen.storyboard */ = {
			isa = PBXVariantGroup;
			children = (
				F72A277827B53A82002DAD1E /* Base */,
			);
			name = LaunchScreen.storyboard;
			sourceTree = "<group>";
		};
/* End PBXVariantGroup section */

/* Begin XCBuildConfiguration section */
		F72A277B27B53A82002DAD1E /* Debug */ = {
			isa = XCBuildConfiguration;
			buildSettings = {
				ALWAYS_SEARCH_USER_PATHS = NO;
				CLANG_ANALYZER_NONNULL = YES;
				CLANG_ANALYZER_NUMBER_OBJECT_CONVERSION = YES_AGGRESSIVE;
				CLANG_CXX_LANGUAGE_STANDARD = "gnu++14";
				CLANG_CXX_LIBRARY = "libc++";
				CLANG_ENABLE_MODULES = YES;
				CLANG_ENABLE_OBJC_ARC = YES;
				CLANG_ENABLE_OBJC_WEAK = YES;
				CLANG_WARN_BLOCK_CAPTURE_AUTORELEASING = YES;
				CLANG_WARN_BOOL_CONVERSION = YES;
				CLANG_WARN_COMMA = YES;
				CLANG_WARN_CONSTANT_CONVERSION = YES;
				CLANG_WARN_DEPRECATED_OBJC_IMPLEMENTATIONS = YES;
				CLANG_WARN_DIRECT_OBJC_ISA_USAGE = YES_ERROR;
				CLANG_WARN_DOCUMENTATION_COMMENTS = YES;
				CLANG_WARN_EMPTY_BODY = YES;
				CLANG_WARN_ENUM_CONVERSION = YES;
				CLANG_WARN_INFINITE_RECURSION = YES;
				CLANG_WARN_INT_CONVERSION = YES;
				CLANG_WARN_NON_LITERAL_NULL_CONVERSION = YES;
				CLANG_WARN_OBJC_IMPLICIT_RETAIN_SELF = YES;
				CLANG_WARN_OBJC_LITERAL_CONVERSION = YES;
				CLANG_WARN_OBJC_ROOT_CLASS = YES_ERROR;
				CLANG_WARN_QUOTED_INCLUDE_IN_FRAMEWORK_HEADER = YES;
				CLANG_WARN_RANGE_LOOP_ANALYSIS = YES;
				CLANG_WARN_STRICT_PROTOTYPES = YES;
				CLANG_WARN_SUSPICIOUS_MOVE = YES;
				CLANG_WARN_UNGUARDED_AVAILABILITY = YES_AGGRESSIVE;
				CLANG_WARN_UNREACHABLE_CODE = YES;
				CLANG_WARN__DUPLICATE_METHOD_MATCH = YES;
				COPY_PHASE_STRIP = NO;
				DEBUG_INFORMATION_FORMAT = dwarf;
				ENABLE_STRICT_OBJC_MSGSEND = YES;
				ENABLE_TESTABILITY = YES;
				GCC_C_LANGUAGE_STANDARD = gnu11;
				GCC_DYNAMIC_NO_PIC = NO;
				GCC_NO_COMMON_BLOCKS = YES;
				GCC_OPTIMIZATION_LEVEL = 0;
				GCC_PREPROCESSOR_DEFINITIONS = (
					"DEBUG=1",
					"$(inherited)",
				);
				GCC_WARN_64_TO_32_BIT_CONVERSION = YES;
				GCC_WARN_ABOUT_RETURN_TYPE = YES_ERROR;
				GCC_WARN_UNDECLARED_SELECTOR = YES;
				GCC_WARN_UNINITIALIZED_AUTOS = YES_AGGRESSIVE;
				GCC_WARN_UNUSED_FUNCTION = YES;
				GCC_WARN_UNUSED_VARIABLE = YES;
				IPHONEOS_DEPLOYMENT_TARGET = 14.5;
				MTL_ENABLE_DEBUG_INFO = INCLUDE_SOURCE;
				MTL_FAST_MATH = YES;
				ONLY_ACTIVE_ARCH = YES;
				SDKROOT = iphoneos;
				SWIFT_ACTIVE_COMPILATION_CONDITIONS = DEBUG;
				SWIFT_OPTIMIZATION_LEVEL = "-Onone";
			};
			name = Debug;
		};
		F72A277C27B53A82002DAD1E /* Release */ = {
			isa = XCBuildConfiguration;
			buildSettings = {
				ALWAYS_SEARCH_USER_PATHS = NO;
				CLANG_ANALYZER_NONNULL = YES;
				CLANG_ANALYZER_NUMBER_OBJECT_CONVERSION = YES_AGGRESSIVE;
				CLANG_CXX_LANGUAGE_STANDARD = "gnu++14";
				CLANG_CXX_LIBRARY = "libc++";
				CLANG_ENABLE_MODULES = YES;
				CLANG_ENABLE_OBJC_ARC = YES;
				CLANG_ENABLE_OBJC_WEAK = YES;
				CLANG_WARN_BLOCK_CAPTURE_AUTORELEASING = YES;
				CLANG_WARN_BOOL_CONVERSION = YES;
				CLANG_WARN_COMMA = YES;
				CLANG_WARN_CONSTANT_CONVERSION = YES;
				CLANG_WARN_DEPRECATED_OBJC_IMPLEMENTATIONS = YES;
				CLANG_WARN_DIRECT_OBJC_ISA_USAGE = YES_ERROR;
				CLANG_WARN_DOCUMENTATION_COMMENTS = YES;
				CLANG_WARN_EMPTY_BODY = YES;
				CLANG_WARN_ENUM_CONVERSION = YES;
				CLANG_WARN_INFINITE_RECURSION = YES;
				CLANG_WARN_INT_CONVERSION = YES;
				CLANG_WARN_NON_LITERAL_NULL_CONVERSION = YES;
				CLANG_WARN_OBJC_IMPLICIT_RETAIN_SELF = YES;
				CLANG_WARN_OBJC_LITERAL_CONVERSION = YES;
				CLANG_WARN_OBJC_ROOT_CLASS = YES_ERROR;
				CLANG_WARN_QUOTED_INCLUDE_IN_FRAMEWORK_HEADER = YES;
				CLANG_WARN_RANGE_LOOP_ANALYSIS = YES;
				CLANG_WARN_STRICT_PROTOTYPES = YES;
				CLANG_WARN_SUSPICIOUS_MOVE = YES;
				CLANG_WARN_UNGUARDED_AVAILABILITY = YES_AGGRESSIVE;
				CLANG_WARN_UNREACHABLE_CODE = YES;
				CLANG_WARN__DUPLICATE_METHOD_MATCH = YES;
				COPY_PHASE_STRIP = NO;
				DEBUG_INFORMATION_FORMAT = "dwarf-with-dsym";
				ENABLE_NS_ASSERTIONS = NO;
				ENABLE_STRICT_OBJC_MSGSEND = YES;
				GCC_C_LANGUAGE_STANDARD = gnu11;
				GCC_NO_COMMON_BLOCKS = YES;
				GCC_WARN_64_TO_32_BIT_CONVERSION = YES;
				GCC_WARN_ABOUT_RETURN_TYPE = YES_ERROR;
				GCC_WARN_UNDECLARED_SELECTOR = YES;
				GCC_WARN_UNINITIALIZED_AUTOS = YES_AGGRESSIVE;
				GCC_WARN_UNUSED_FUNCTION = YES;
				GCC_WARN_UNUSED_VARIABLE = YES;
				IPHONEOS_DEPLOYMENT_TARGET = 14.5;
				MTL_ENABLE_DEBUG_INFO = NO;
				MTL_FAST_MATH = YES;
				SDKROOT = iphoneos;
				SWIFT_COMPILATION_MODE = wholemodule;
				SWIFT_OPTIMIZATION_LEVEL = "-O";
				VALIDATE_PRODUCT = YES;
			};
			name = Release;
		};
		F72A277E27B53A82002DAD1E /* Debug */ = {
			isa = XCBuildConfiguration;
			buildSettings = {
				ASSETCATALOG_COMPILER_APPICON_NAME = AppIcon;
				ASSETCATALOG_COMPILER_GLOBAL_ACCENT_COLOR_NAME = AccentColor;
				CODE_SIGN_STYLE = Automatic;
				INFOPLIST_FILE = Goryachev_homework_14.7/Info.plist;
				LD_RUNPATH_SEARCH_PATHS = (
					"$(inherited)",
					"@executable_path/Frameworks",
				);
				PRODUCT_BUNDLE_IDENTIFIER = "hotalex.Goryachev-homework-14-7";
				PRODUCT_NAME = "$(TARGET_NAME)";
				SWIFT_VERSION = 5.0;
				TARGETED_DEVICE_FAMILY = "1,2";
			};
			name = Debug;
		};
		F72A277F27B53A82002DAD1E /* Release */ = {
			isa = XCBuildConfiguration;
			buildSettings = {
				ASSETCATALOG_COMPILER_APPICON_NAME = AppIcon;
				ASSETCATALOG_COMPILER_GLOBAL_ACCENT_COLOR_NAME = AccentColor;
				CODE_SIGN_STYLE = Automatic;
				INFOPLIST_FILE = Goryachev_homework_14.7/Info.plist;
				LD_RUNPATH_SEARCH_PATHS = (
					"$(inherited)",
					"@executable_path/Frameworks",
				);
				PRODUCT_BUNDLE_IDENTIFIER = "hotalex.Goryachev-homework-14-7";
				PRODUCT_NAME = "$(TARGET_NAME)";
				SWIFT_VERSION = 5.0;
				TARGETED_DEVICE_FAMILY = "1,2";
			};
			name = Release;
		};
/* End XCBuildConfiguration section */

/* Begin XCConfigurationList section */
		F72A276427B53A7C002DAD1E /* Build configuration list for PBXProject "Goryachev_homework_14.7" */ = {
			isa = XCConfigurationList;
			buildConfigurations = (
				F72A277B27B53A82002DAD1E /* Debug */,
				F72A277C27B53A82002DAD1E /* Release */,
			);
			defaultConfigurationIsVisible = 0;
			defaultConfigurationName = Release;
		};
		F72A277D27B53A82002DAD1E /* Build configuration list for PBXNativeTarget "Goryachev_homework_14.7" */ = {
			isa = XCConfigurationList;
			buildConfigurations = (
				F72A277E27B53A82002DAD1E /* Debug */,
				F72A277F27B53A82002DAD1E /* Release */,
			);
			defaultConfigurationIsVisible = 0;
			defaultConfigurationName = Release;
		};
/* End XCConfigurationList section */
	};
	rootObject = F72A276127B53A7C002DAD1E /* Project object */;
}
